// !$*UTF8*$!
{
	archiveVersion = 1;
	classes = {
	};
	objectVersion = 46;
	objects = {

/* Begin PBXBuildFile section */
		7ED6C0D67279DD0BEEBD6DAB /* Pods_SquirrelTrip.framework in Frameworks */ = {isa = PBXBuildFile; fileRef = 494FC9C5A141540D7E8C7E65 /* Pods_SquirrelTrip.framework */; };
		A01418191E93EA2800390CAF /* MapKit.framework in Frameworks */ = {isa = PBXBuildFile; fileRef = A01418181E93EA2800390CAF /* MapKit.framework */; };
		A014181C1E93EBF000390CAF /* xochimilco.jpg in Resources */ = {isa = PBXBuildFile; fileRef = A014181B1E93EBF000390CAF /* xochimilco.jpg */; };
		A01418281E940FB600390CAF /* SquirrelTrip.xcdatamodeld in Sources */ = {isa = PBXBuildFile; fileRef = A01418261E940FB600390CAF /* SquirrelTrip.xcdatamodeld */; };
		A014182A1E94158D00390CAF /* clock.png in Resources */ = {isa = PBXBuildFile; fileRef = A01418291E94158D00390CAF /* clock.png */; };
		A014182C1E9415FB00390CAF /* map.png in Resources */ = {isa = PBXBuildFile; fileRef = A014182B1E9415FB00390CAF /* map.png */; };
		A01418381E944D5C00390CAF /* GoogleService-Info.plist in Resources */ = {isa = PBXBuildFile; fileRef = A01418371E944D5C00390CAF /* GoogleService-Info.plist */; };
		A014183A1E94582600390CAF /* User.swift in Sources */ = {isa = PBXBuildFile; fileRef = A01418391E94582600390CAF /* User.swift */; };
		A014183C1E945ACF00390CAF /* AdSupport.framework in Frameworks */ = {isa = PBXBuildFile; fileRef = A014183B1E945ACF00390CAF /* AdSupport.framework */; };
		A014183E1E945EEA00390CAF /* GoogleService-Info.plist in Resources */ = {isa = PBXBuildFile; fileRef = A014183D1E945EEA00390CAF /* GoogleService-Info.plist */; };
		FF99BDF51E936B7D009D874B /* language.swift in Sources */ = {isa = PBXBuildFile; fileRef = FF99BDE51E936B7D009D874B /* language.swift */; };
		FF99BDF61E936B7D009D874B /* LoginViewController.swift in Sources */ = {isa = PBXBuildFile; fileRef = FF99BDE61E936B7D009D874B /* LoginViewController.swift */; };
		FF99BDF71E936B7D009D874B /* PlaceDB.swift in Sources */ = {isa = PBXBuildFile; fileRef = FF99BDE71E936B7D009D874B /* PlaceDB.swift */; };
		FF99BDF81E936B7D009D874B /* PlacesDetailTableViewController.swift in Sources */ = {isa = PBXBuildFile; fileRef = FF99BDE81E936B7D009D874B /* PlacesDetailTableViewController.swift */; };
		FF99BDF91E936B7D009D874B /* PlacesListTableViewController.swift in Sources */ = {isa = PBXBuildFile; fileRef = FF99BDE91E936B7D009D874B /* PlacesListTableViewController.swift */; };
		FF99BDFA1E936B7D009D874B /* PlacesOnMapViewController.swift in Sources */ = {isa = PBXBuildFile; fileRef = FF99BDEA1E936B7D009D874B /* PlacesOnMapViewController.swift */; };
		FF99BDFB1E936B7D009D874B /* PlacesTableViewCell.swift in Sources */ = {isa = PBXBuildFile; fileRef = FF99BDEB1E936B7D009D874B /* PlacesTableViewCell.swift */; };
		FF99BDFC1E936B7D009D874B /* PlacesTableViewCell.xib in Resources */ = {isa = PBXBuildFile; fileRef = FF99BDEC1E936B7D009D874B /* PlacesTableViewCell.xib */; };
		FF99BDFE1E936B7D009D874B /* ResetPasswordViewController.swift in Sources */ = {isa = PBXBuildFile; fileRef = FF99BDEE1E936B7D009D874B /* ResetPasswordViewController.swift */; };
		FF99BDFF1E936B7D009D874B /* SignUpViewController.swift in Sources */ = {isa = PBXBuildFile; fileRef = FF99BDEF1E936B7D009D874B /* SignUpViewController.swift */; };
		FF99BE011E936B7D009D874B /* StarButton.swift in Sources */ = {isa = PBXBuildFile; fileRef = FF99BDF21E936B7D009D874B /* StarButton.swift */; };
		FF99BE021E936B7D009D874B /* StarRankingView.swift in Sources */ = {isa = PBXBuildFile; fileRef = FF99BDF31E936B7D009D874B /* StarRankingView.swift */; };
		FFDC3D0F1E823F7A0013CB7F /* AppDelegate.swift in Sources */ = {isa = PBXBuildFile; fileRef = FFDC3D0E1E823F7A0013CB7F /* AppDelegate.swift */; };
		FFDC3D111E823F7A0013CB7F /* ViewController.swift in Sources */ = {isa = PBXBuildFile; fileRef = FFDC3D101E823F7A0013CB7F /* ViewController.swift */; };
		FFDC3D141E823F7B0013CB7F /* Main.storyboard in Resources */ = {isa = PBXBuildFile; fileRef = FFDC3D121E823F7B0013CB7F /* Main.storyboard */; };
		FFDC3D161E823F7B0013CB7F /* Assets.xcassets in Resources */ = {isa = PBXBuildFile; fileRef = FFDC3D151E823F7B0013CB7F /* Assets.xcassets */; };
		FFDC3D191E823F7B0013CB7F /* LaunchScreen.storyboard in Resources */ = {isa = PBXBuildFile; fileRef = FFDC3D171E823F7B0013CB7F /* LaunchScreen.storyboard */; };
		FFDC3D241E823F7C0013CB7F /* SquirrelTripTests.swift in Sources */ = {isa = PBXBuildFile; fileRef = FFDC3D231E823F7C0013CB7F /* SquirrelTripTests.swift */; };
		FFDC3D2F1E823F7D0013CB7F /* SquirrelTripUITests.swift in Sources */ = {isa = PBXBuildFile; fileRef = FFDC3D2E1E823F7D0013CB7F /* SquirrelTripUITests.swift */; };
/* End PBXBuildFile section */

/* Begin PBXContainerItemProxy section */
		FFDC3D201E823F7C0013CB7F /* PBXContainerItemProxy */ = {
			isa = PBXContainerItemProxy;
			containerPortal = FFDC3D031E823F770013CB7F /* Project object */;
			proxyType = 1;
			remoteGlobalIDString = FFDC3D0A1E823F790013CB7F;
			remoteInfo = SquirrelTrip;
		};
		FFDC3D2B1E823F7D0013CB7F /* PBXContainerItemProxy */ = {
			isa = PBXContainerItemProxy;
			containerPortal = FFDC3D031E823F770013CB7F /* Project object */;
			proxyType = 1;
			remoteGlobalIDString = FFDC3D0A1E823F790013CB7F;
			remoteInfo = SquirrelTrip;
		};
/* End PBXContainerItemProxy section */

/* Begin PBXFileReference section */
		494FC9C5A141540D7E8C7E65 /* Pods_SquirrelTrip.framework */ = {isa = PBXFileReference; explicitFileType = wrapper.framework; includeInIndex = 0; path = Pods_SquirrelTrip.framework; sourceTree = BUILT_PRODUCTS_DIR; };
		A01418181E93EA2800390CAF /* MapKit.framework */ = {isa = PBXFileReference; lastKnownFileType = wrapper.framework; name = MapKit.framework; path = System/Library/Frameworks/MapKit.framework; sourceTree = SDKROOT; };
		A014181B1E93EBF000390CAF /* xochimilco.jpg */ = {isa = PBXFileReference; lastKnownFileType = image.jpeg; path = xochimilco.jpg; sourceTree = "<group>"; };
		A01418271E940FB600390CAF /* SquirrelTrip.xcdatamodel */ = {isa = PBXFileReference; lastKnownFileType = wrapper.xcdatamodel; path = SquirrelTrip.xcdatamodel; sourceTree = "<group>"; };
		A01418291E94158D00390CAF /* clock.png */ = {isa = PBXFileReference; lastKnownFileType = image.png; path = clock.png; sourceTree = "<group>"; };
		A014182B1E9415FB00390CAF /* map.png */ = {isa = PBXFileReference; lastKnownFileType = image.png; path = map.png; sourceTree = "<group>"; };
		A01418371E944D5C00390CAF /* GoogleService-Info.plist */ = {isa = PBXFileReference; fileEncoding = 4; lastKnownFileType = text.plist.xml; path = "GoogleService-Info.plist"; sourceTree = "<group>"; };
		A01418391E94582600390CAF /* User.swift */ = {isa = PBXFileReference; fileEncoding = 4; lastKnownFileType = sourcecode.swift; path = User.swift; sourceTree = "<group>"; };
		A014183B1E945ACF00390CAF /* AdSupport.framework */ = {isa = PBXFileReference; lastKnownFileType = wrapper.framework; name = AdSupport.framework; path = System/Library/Frameworks/AdSupport.framework; sourceTree = SDKROOT; };
		A014183D1E945EEA00390CAF /* GoogleService-Info.plist */ = {isa = PBXFileReference; fileEncoding = 4; lastKnownFileType = text.plist.xml; path = "GoogleService-Info.plist"; sourceTree = "<group>"; };
		EC0A73D17C9659A4B2B3DE7B /* Pods-SquirrelTrip.release.xcconfig */ = {isa = PBXFileReference; includeInIndex = 1; lastKnownFileType = text.xcconfig; name = "Pods-SquirrelTrip.release.xcconfig"; path = "Pods/Target Support Files/Pods-SquirrelTrip/Pods-SquirrelTrip.release.xcconfig"; sourceTree = "<group>"; };
		F0E43F95A0E0AF465E2D655B /* Pods-SquirrelTrip.debug.xcconfig */ = {isa = PBXFileReference; includeInIndex = 1; lastKnownFileType = text.xcconfig; name = "Pods-SquirrelTrip.debug.xcconfig"; path = "Pods/Target Support Files/Pods-SquirrelTrip/Pods-SquirrelTrip.debug.xcconfig"; sourceTree = "<group>"; };
		FF99BDE51E936B7D009D874B /* language.swift */ = {isa = PBXFileReference; fileEncoding = 4; lastKnownFileType = sourcecode.swift; path = language.swift; sourceTree = "<group>"; };
		FF99BDE61E936B7D009D874B /* LoginViewController.swift */ = {isa = PBXFileReference; fileEncoding = 4; lastKnownFileType = sourcecode.swift; path = LoginViewController.swift; sourceTree = "<group>"; };
		FF99BDE71E936B7D009D874B /* PlaceDB.swift */ = {isa = PBXFileReference; fileEncoding = 4; lastKnownFileType = sourcecode.swift; path = PlaceDB.swift; sourceTree = "<group>"; };
		FF99BDE81E936B7D009D874B /* PlacesDetailTableViewController.swift */ = {isa = PBXFileReference; fileEncoding = 4; lastKnownFileType = sourcecode.swift; path = PlacesDetailTableViewController.swift; sourceTree = "<group>"; };
		FF99BDE91E936B7D009D874B /* PlacesListTableViewController.swift */ = {isa = PBXFileReference; fileEncoding = 4; lastKnownFileType = sourcecode.swift; path = PlacesListTableViewController.swift; sourceTree = "<group>"; };
		FF99BDEA1E936B7D009D874B /* PlacesOnMapViewController.swift */ = {isa = PBXFileReference; fileEncoding = 4; lastKnownFileType = sourcecode.swift; path = PlacesOnMapViewController.swift; sourceTree = "<group>"; };
		FF99BDEB1E936B7D009D874B /* PlacesTableViewCell.swift */ = {isa = PBXFileReference; fileEncoding = 4; lastKnownFileType = sourcecode.swift; path = PlacesTableViewCell.swift; sourceTree = "<group>"; };
		FF99BDEC1E936B7D009D874B /* PlacesTableViewCell.xib */ = {isa = PBXFileReference; fileEncoding = 4; lastKnownFileType = file.xib; path = PlacesTableViewCell.xib; sourceTree = "<group>"; };
		FF99BDEE1E936B7D009D874B /* ResetPasswordViewController.swift */ = {isa = PBXFileReference; fileEncoding = 4; lastKnownFileType = sourcecode.swift; path = ResetPasswordViewController.swift; sourceTree = "<group>"; };
		FF99BDEF1E936B7D009D874B /* SignUpViewController.swift */ = {isa = PBXFileReference; fileEncoding = 4; lastKnownFileType = sourcecode.swift; path = SignUpViewController.swift; sourceTree = "<group>"; };
		FF99BDF21E936B7D009D874B /* StarButton.swift */ = {isa = PBXFileReference; fileEncoding = 4; lastKnownFileType = sourcecode.swift; path = StarButton.swift; sourceTree = "<group>"; };
		FF99BDF31E936B7D009D874B /* StarRankingView.swift */ = {isa = PBXFileReference; fileEncoding = 4; lastKnownFileType = sourcecode.swift; path = StarRankingView.swift; sourceTree = "<group>"; };
		FFDC3D0B1E823F790013CB7F /* SquirrelTrip.app */ = {isa = PBXFileReference; explicitFileType = wrapper.application; includeInIndex = 0; path = SquirrelTrip.app; sourceTree = BUILT_PRODUCTS_DIR; };
		FFDC3D0E1E823F7A0013CB7F /* AppDelegate.swift */ = {isa = PBXFileReference; lastKnownFileType = sourcecode.swift; path = AppDelegate.swift; sourceTree = "<group>"; };
		FFDC3D101E823F7A0013CB7F /* ViewController.swift */ = {isa = PBXFileReference; lastKnownFileType = sourcecode.swift; path = ViewController.swift; sourceTree = "<group>"; };
		FFDC3D131E823F7B0013CB7F /* Base */ = {isa = PBXFileReference; lastKnownFileType = file.storyboard; name = Base; path = Base.lproj/Main.storyboard; sourceTree = "<group>"; };
		FFDC3D151E823F7B0013CB7F /* Assets.xcassets */ = {isa = PBXFileReference; lastKnownFileType = folder.assetcatalog; path = Assets.xcassets; sourceTree = "<group>"; };
		FFDC3D181E823F7B0013CB7F /* Base */ = {isa = PBXFileReference; lastKnownFileType = file.storyboard; name = Base; path = Base.lproj/LaunchScreen.storyboard; sourceTree = "<group>"; };
		FFDC3D1A1E823F7B0013CB7F /* Info.plist */ = {isa = PBXFileReference; lastKnownFileType = text.plist.xml; path = Info.plist; sourceTree = "<group>"; };
		FFDC3D1F1E823F7C0013CB7F /* SquirrelTripTests.xctest */ = {isa = PBXFileReference; explicitFileType = wrapper.cfbundle; includeInIndex = 0; path = SquirrelTripTests.xctest; sourceTree = BUILT_PRODUCTS_DIR; };
		FFDC3D231E823F7C0013CB7F /* SquirrelTripTests.swift */ = {isa = PBXFileReference; lastKnownFileType = sourcecode.swift; path = SquirrelTripTests.swift; sourceTree = "<group>"; };
		FFDC3D251E823F7C0013CB7F /* Info.plist */ = {isa = PBXFileReference; lastKnownFileType = text.plist.xml; path = Info.plist; sourceTree = "<group>"; };
		FFDC3D2A1E823F7D0013CB7F /* SquirrelTripUITests.xctest */ = {isa = PBXFileReference; explicitFileType = wrapper.cfbundle; includeInIndex = 0; path = SquirrelTripUITests.xctest; sourceTree = BUILT_PRODUCTS_DIR; };
		FFDC3D2E1E823F7D0013CB7F /* SquirrelTripUITests.swift */ = {isa = PBXFileReference; lastKnownFileType = sourcecode.swift; path = SquirrelTripUITests.swift; sourceTree = "<group>"; };
		FFDC3D301E823F7D0013CB7F /* Info.plist */ = {isa = PBXFileReference; lastKnownFileType = text.plist.xml; path = Info.plist; sourceTree = "<group>"; };
/* End PBXFileReference section */

/* Begin PBXFrameworksBuildPhase section */
		FFDC3D081E823F790013CB7F /* Frameworks */ = {
			isa = PBXFrameworksBuildPhase;
			buildActionMask = 2147483647;
			files = (
				A014183C1E945ACF00390CAF /* AdSupport.framework in Frameworks */,
				A01418191E93EA2800390CAF /* MapKit.framework in Frameworks */,
				7ED6C0D67279DD0BEEBD6DAB /* Pods_SquirrelTrip.framework in Frameworks */,
			);
			runOnlyForDeploymentPostprocessing = 0;
		};
		FFDC3D1C1E823F7C0013CB7F /* Frameworks */ = {
			isa = PBXFrameworksBuildPhase;
			buildActionMask = 2147483647;
			files = (
			);
			runOnlyForDeploymentPostprocessing = 0;
		};
		FFDC3D271E823F7D0013CB7F /* Frameworks */ = {
			isa = PBXFrameworksBuildPhase;
			buildActionMask = 2147483647;
			files = (
			);
			runOnlyForDeploymentPostprocessing = 0;
		};
/* End PBXFrameworksBuildPhase section */

/* Begin PBXGroup section */
		2859B243266BF32C5A697916 /* Pods */ = {
			isa = PBXGroup;
			children = (
				F0E43F95A0E0AF465E2D655B /* Pods-SquirrelTrip.debug.xcconfig */,
				EC0A73D17C9659A4B2B3DE7B /* Pods-SquirrelTrip.release.xcconfig */,
			);
			name = Pods;
			sourceTree = "<group>";
		};
		2A646473783D35414CB8008D /* Frameworks */ = {
			isa = PBXGroup;
			children = (
				A014183B1E945ACF00390CAF /* AdSupport.framework */,
				A01418181E93EA2800390CAF /* MapKit.framework */,
				494FC9C5A141540D7E8C7E65 /* Pods_SquirrelTrip.framework */,
			);
			name = Frameworks;
			sourceTree = "<group>";
		};
		A014181A1E93EBDB00390CAF /* Images */ = {
			isa = PBXGroup;
			children = (
				A01418291E94158D00390CAF /* clock.png */,
				A014182B1E9415FB00390CAF /* map.png */,
				A014181B1E93EBF000390CAF /* xochimilco.jpg */,
			);
			name = Images;
			sourceTree = "<group>";
		};
		A01418231E93FCEB00390CAF /* Login */ = {
			isa = PBXGroup;
			children = (
				FF99BDE61E936B7D009D874B /* LoginViewController.swift */,
				FF99BDEE1E936B7D009D874B /* ResetPasswordViewController.swift */,
				FF99BDEF1E936B7D009D874B /* SignUpViewController.swift */,
			);
			name = Login;
			sourceTree = "<group>";
		};
		A01418241E93FCF900390CAF /* Config */ = {
			isa = PBXGroup;
			children = (
				FF99BDE51E936B7D009D874B /* language.swift */,
			);
			name = Config;
			sourceTree = "<group>";
		};
		A01418251E93FD0400390CAF /* Places */ = {
			isa = PBXGroup;
			children = (
				FF99BDE81E936B7D009D874B /* PlacesDetailTableViewController.swift */,
				FF99BDE91E936B7D009D874B /* PlacesListTableViewController.swift */,
				FF99BDEA1E936B7D009D874B /* PlacesOnMapViewController.swift */,
			);
			name = Places;
			sourceTree = "<group>";
		};
		FF99BE031E936BAA009D874B /* UI */ = {
			isa = PBXGroup;
			children = (
				A01418371E944D5C00390CAF /* GoogleService-Info.plist */,
				FF99BDEB1E936B7D009D874B /* PlacesTableViewCell.swift */,
				FF99BDEC1E936B7D009D874B /* PlacesTableViewCell.xib */,
				FF99BDF21E936B7D009D874B /* StarButton.swift */,
				FF99BDF31E936B7D009D874B /* StarRankingView.swift */,
			);
			name = UI;
			sourceTree = "<group>";
		};
		FF99BE041E936BB3009D874B /* Storyboard */ = {
			isa = PBXGroup;
			children = (
				FFDC3D121E823F7B0013CB7F /* Main.storyboard */,
			);
			name = Storyboard;
			sourceTree = "<group>";
		};
		FF99BE051E936BBE009D874B /* DataBase */ = {
			isa = PBXGroup;
			children = (
				A01418261E940FB600390CAF /* SquirrelTrip.xcdatamodeld */,
				A01418391E94582600390CAF /* User.swift */,
				FF99BDE71E936B7D009D874B /* PlaceDB.swift */,
			);
			name = DataBase;
			sourceTree = "<group>";
		};
		FF99BE061E936BC5009D874B /* Controllers */ = {
			isa = PBXGroup;
			children = (
				A01418251E93FD0400390CAF /* Places */,
				A01418241E93FCF900390CAF /* Config */,
				A01418231E93FCEB00390CAF /* Login */,
				FFDC3D101E823F7A0013CB7F /* ViewController.swift */,
			);
			name = Controllers;
			sourceTree = "<group>";
		};
		FFDC3D021E823F760013CB7F = {
			isa = PBXGroup;
			children = (
				FFDC3D0D1E823F790013CB7F /* SquirrelTrip */,
				FFDC3D221E823F7C0013CB7F /* SquirrelTripTests */,
				FFDC3D2D1E823F7D0013CB7F /* SquirrelTripUITests */,
				FFDC3D0C1E823F790013CB7F /* Products */,
				2859B243266BF32C5A697916 /* Pods */,
				2A646473783D35414CB8008D /* Frameworks */,
			);
			sourceTree = "<group>";
		};
		FFDC3D0C1E823F790013CB7F /* Products */ = {
			isa = PBXGroup;
			children = (
				FFDC3D0B1E823F790013CB7F /* SquirrelTrip.app */,
				FFDC3D1F1E823F7C0013CB7F /* SquirrelTripTests.xctest */,
				FFDC3D2A1E823F7D0013CB7F /* SquirrelTripUITests.xctest */,
			);
			name = Products;
			sourceTree = "<group>";
		};
		FFDC3D0D1E823F790013CB7F /* SquirrelTrip */ = {
			isa = PBXGroup;
			children = (
				A014181A1E93EBDB00390CAF /* Images */,
				FF99BE061E936BC5009D874B /* Controllers */,
				FF99BE051E936BBE009D874B /* DataBase */,
				FF99BE041E936BB3009D874B /* Storyboard */,
				FF99BE031E936BAA009D874B /* UI */,
				FFDC3D0E1E823F7A0013CB7F /* AppDelegate.swift */,
				FFDC3D151E823F7B0013CB7F /* Assets.xcassets */,
				FFDC3D171E823F7B0013CB7F /* LaunchScreen.storyboard */,
				A014183D1E945EEA00390CAF /* GoogleService-Info.plist */,
				FFDC3D1A1E823F7B0013CB7F /* Info.plist */,
			);
			path = SquirrelTrip;
			sourceTree = "<group>";
		};
		FFDC3D221E823F7C0013CB7F /* SquirrelTripTests */ = {
			isa = PBXGroup;
			children = (
				FFDC3D231E823F7C0013CB7F /* SquirrelTripTests.swift */,
				FFDC3D251E823F7C0013CB7F /* Info.plist */,
			);
			path = SquirrelTripTests;
			sourceTree = "<group>";
		};
		FFDC3D2D1E823F7D0013CB7F /* SquirrelTripUITests */ = {
			isa = PBXGroup;
			children = (
				FFDC3D2E1E823F7D0013CB7F /* SquirrelTripUITests.swift */,
				FFDC3D301E823F7D0013CB7F /* Info.plist */,
			);
			path = SquirrelTripUITests;
			sourceTree = "<group>";
		};
/* End PBXGroup section */

/* Begin PBXNativeTarget section */
		FFDC3D0A1E823F790013CB7F /* SquirrelTrip */ = {
			isa = PBXNativeTarget;
			buildConfigurationList = FFDC3D331E823F7D0013CB7F /* Build configuration list for PBXNativeTarget "SquirrelTrip" */;
			buildPhases = (
				4FAA5AA7EDB31D083FE01A81 /* [CP] Check Pods Manifest.lock */,
				FFDC3D071E823F790013CB7F /* Sources */,
				FFDC3D081E823F790013CB7F /* Frameworks */,
				FFDC3D091E823F790013CB7F /* Resources */,
				07EC9A4A9E5D556290AF9165 /* [CP] Embed Pods Frameworks */,
				E7C990FB6333C2F808F07835 /* [CP] Copy Pods Resources */,
			);
			buildRules = (
			);
			dependencies = (
			);
			name = SquirrelTrip;
			productName = SquirrelTrip;
			productReference = FFDC3D0B1E823F790013CB7F /* SquirrelTrip.app */;
			productType = "com.apple.product-type.application";
		};
		FFDC3D1E1E823F7C0013CB7F /* SquirrelTripTests */ = {
			isa = PBXNativeTarget;
			buildConfigurationList = FFDC3D361E823F7D0013CB7F /* Build configuration list for PBXNativeTarget "SquirrelTripTests" */;
			buildPhases = (
				FFDC3D1B1E823F7C0013CB7F /* Sources */,
				FFDC3D1C1E823F7C0013CB7F /* Frameworks */,
				FFDC3D1D1E823F7C0013CB7F /* Resources */,
			);
			buildRules = (
			);
			dependencies = (
				FFDC3D211E823F7C0013CB7F /* PBXTargetDependency */,
			);
			name = SquirrelTripTests;
			productName = SquirrelTripTests;
			productReference = FFDC3D1F1E823F7C0013CB7F /* SquirrelTripTests.xctest */;
			productType = "com.apple.product-type.bundle.unit-test";
		};
		FFDC3D291E823F7D0013CB7F /* SquirrelTripUITests */ = {
			isa = PBXNativeTarget;
			buildConfigurationList = FFDC3D391E823F7D0013CB7F /* Build configuration list for PBXNativeTarget "SquirrelTripUITests" */;
			buildPhases = (
				FFDC3D261E823F7D0013CB7F /* Sources */,
				FFDC3D271E823F7D0013CB7F /* Frameworks */,
				FFDC3D281E823F7D0013CB7F /* Resources */,
			);
			buildRules = (
			);
			dependencies = (
				FFDC3D2C1E823F7D0013CB7F /* PBXTargetDependency */,
			);
			name = SquirrelTripUITests;
			productName = SquirrelTripUITests;
			productReference = FFDC3D2A1E823F7D0013CB7F /* SquirrelTripUITests.xctest */;
			productType = "com.apple.product-type.bundle.ui-testing";
		};
/* End PBXNativeTarget section */

/* Begin PBXProject section */
		FFDC3D031E823F770013CB7F /* Project object */ = {
			isa = PBXProject;
			attributes = {
				LastSwiftUpdateCheck = 0820;
				LastUpgradeCheck = 0820;
				ORGANIZATIONNAME = "Luis Fernando Bustos Ramírez";
				TargetAttributes = {
					FFDC3D0A1E823F790013CB7F = {
						CreatedOnToolsVersion = 8.2.1;
						ProvisioningStyle = Manual;
					};
					FFDC3D1E1E823F7C0013CB7F = {
						CreatedOnToolsVersion = 8.2.1;
						ProvisioningStyle = Automatic;
						TestTargetID = FFDC3D0A1E823F790013CB7F;
					};
					FFDC3D291E823F7D0013CB7F = {
						CreatedOnToolsVersion = 8.2.1;
						ProvisioningStyle = Automatic;
						TestTargetID = FFDC3D0A1E823F790013CB7F;
					};
				};
			};
			buildConfigurationList = FFDC3D061E823F780013CB7F /* Build configuration list for PBXProject "SquirrelTrip" */;
			compatibilityVersion = "Xcode 3.2";
			developmentRegion = English;
			hasScannedForEncodings = 0;
			knownRegions = (
				en,
				Base,
			);
			mainGroup = FFDC3D021E823F760013CB7F;
			productRefGroup = FFDC3D0C1E823F790013CB7F /* Products */;
			projectDirPath = "";
			projectRoot = "";
			targets = (
				FFDC3D0A1E823F790013CB7F /* SquirrelTrip */,
				FFDC3D1E1E823F7C0013CB7F /* SquirrelTripTests */,
				FFDC3D291E823F7D0013CB7F /* SquirrelTripUITests */,
			);
		};
/* End PBXProject section */

/* Begin PBXResourcesBuildPhase section */
		FFDC3D091E823F790013CB7F /* Resources */ = {
			isa = PBXResourcesBuildPhase;
			buildActionMask = 2147483647;
			files = (
				A014181C1E93EBF000390CAF /* xochimilco.jpg in Resources */,
				A01418381E944D5C00390CAF /* GoogleService-Info.plist in Resources */,
				A014183E1E945EEA00390CAF /* GoogleService-Info.plist in Resources */,
				A014182A1E94158D00390CAF /* clock.png in Resources */,
				A014182C1E9415FB00390CAF /* map.png in Resources */,
				FFDC3D191E823F7B0013CB7F /* LaunchScreen.storyboard in Resources */,
				FFDC3D161E823F7B0013CB7F /* Assets.xcassets in Resources */,
				FFDC3D141E823F7B0013CB7F /* Main.storyboard in Resources */,
				FF99BDFC1E936B7D009D874B /* PlacesTableViewCell.xib in Resources */,
			);
			runOnlyForDeploymentPostprocessing = 0;
		};
		FFDC3D1D1E823F7C0013CB7F /* Resources */ = {
			isa = PBXResourcesBuildPhase;
			buildActionMask = 2147483647;
			files = (
			);
			runOnlyForDeploymentPostprocessing = 0;
		};
		FFDC3D281E823F7D0013CB7F /* Resources */ = {
			isa = PBXResourcesBuildPhase;
			buildActionMask = 2147483647;
			files = (
			);
			runOnlyForDeploymentPostprocessing = 0;
		};
/* End PBXResourcesBuildPhase section */

/* Begin PBXShellScriptBuildPhase section */
		07EC9A4A9E5D556290AF9165 /* [CP] Embed Pods Frameworks */ = {
			isa = PBXShellScriptBuildPhase;
			buildActionMask = 2147483647;
			files = (
			);
			inputPaths = (
			);
			name = "[CP] Embed Pods Frameworks";
			outputPaths = (
			);
			runOnlyForDeploymentPostprocessing = 0;
			shellPath = /bin/sh;
			shellScript = "\"${SRCROOT}/Pods/Target Support Files/Pods-SquirrelTrip/Pods-SquirrelTrip-frameworks.sh\"\n";
			showEnvVarsInLog = 0;
		};
		4FAA5AA7EDB31D083FE01A81 /* [CP] Check Pods Manifest.lock */ = {
			isa = PBXShellScriptBuildPhase;
			buildActionMask = 2147483647;
			files = (
			);
			inputPaths = (
			);
			name = "[CP] Check Pods Manifest.lock";
			outputPaths = (
			);
			runOnlyForDeploymentPostprocessing = 0;
			shellPath = /bin/sh;
			shellScript = "diff \"${PODS_ROOT}/../Podfile.lock\" \"${PODS_ROOT}/Manifest.lock\" > /dev/null\nif [ $? != 0 ] ; then\n    # print error to STDERR\n    echo \"error: The sandbox is not in sync with the Podfile.lock. Run 'pod install' or update your CocoaPods installation.\" >&2\n    exit 1\nfi\n";
			showEnvVarsInLog = 0;
		};
		E7C990FB6333C2F808F07835 /* [CP] Copy Pods Resources */ = {
			isa = PBXShellScriptBuildPhase;
			buildActionMask = 2147483647;
			files = (
			);
			inputPaths = (
			);
			name = "[CP] Copy Pods Resources";
			outputPaths = (
			);
			runOnlyForDeploymentPostprocessing = 0;
			shellPath = /bin/sh;
			shellScript = "\"${SRCROOT}/Pods/Target Support Files/Pods-SquirrelTrip/Pods-SquirrelTrip-resources.sh\"\n";
			showEnvVarsInLog = 0;
		};
/* End PBXShellScriptBuildPhase section */

/* Begin PBXSourcesBuildPhase section */
		FFDC3D071E823F790013CB7F /* Sources */ = {
			isa = PBXSourcesBuildPhase;
			buildActionMask = 2147483647;
			files = (
				FF99BDF61E936B7D009D874B /* LoginViewController.swift in Sources */,
				FFDC3D111E823F7A0013CB7F /* ViewController.swift in Sources */,
				FF99BE021E936B7D009D874B /* StarRankingView.swift in Sources */,
				FF99BDF71E936B7D009D874B /* PlaceDB.swift in Sources */,
				FF99BDFE1E936B7D009D874B /* ResetPasswordViewController.swift in Sources */,
				FF99BDF91E936B7D009D874B /* PlacesListTableViewController.swift in Sources */,
				FF99BDFA1E936B7D009D874B /* PlacesOnMapViewController.swift in Sources */,
				FF99BDFF1E936B7D009D874B /* SignUpViewController.swift in Sources */,
				A014183A1E94582600390CAF /* User.swift in Sources */,
				FF99BDFB1E936B7D009D874B /* PlacesTableViewCell.swift in Sources */,
				FFDC3D0F1E823F7A0013CB7F /* AppDelegate.swift in Sources */,
				FF99BDF81E936B7D009D874B /* PlacesDetailTableViewController.swift in Sources */,
				FF99BDF51E936B7D009D874B /* language.swift in Sources */,
				FF99BE011E936B7D009D874B /* StarButton.swift in Sources */,
				A01418281E940FB600390CAF /* SquirrelTrip.xcdatamodeld in Sources */,
			);
			runOnlyForDeploymentPostprocessing = 0;
		};
		FFDC3D1B1E823F7C0013CB7F /* Sources */ = {
			isa = PBXSourcesBuildPhase;
			buildActionMask = 2147483647;
			files = (
				FFDC3D241E823F7C0013CB7F /* SquirrelTripTests.swift in Sources */,
			);
			runOnlyForDeploymentPostprocessing = 0;
		};
		FFDC3D261E823F7D0013CB7F /* Sources */ = {
			isa = PBXSourcesBuildPhase;
			buildActionMask = 2147483647;
			files = (
				FFDC3D2F1E823F7D0013CB7F /* SquirrelTripUITests.swift in Sources */,
			);
			runOnlyForDeploymentPostprocessing = 0;
		};
/* End PBXSourcesBuildPhase section */

/* Begin PBXTargetDependency section */
		FFDC3D211E823F7C0013CB7F /* PBXTargetDependency */ = {
			isa = PBXTargetDependency;
			target = FFDC3D0A1E823F790013CB7F /* SquirrelTrip */;
			targetProxy = FFDC3D201E823F7C0013CB7F /* PBXContainerItemProxy */;
		};
		FFDC3D2C1E823F7D0013CB7F /* PBXTargetDependency */ = {
			isa = PBXTargetDependency;
			target = FFDC3D0A1E823F790013CB7F /* SquirrelTrip */;
			targetProxy = FFDC3D2B1E823F7D0013CB7F /* PBXContainerItemProxy */;
		};
/* End PBXTargetDependency section */

/* Begin PBXVariantGroup section */
		FFDC3D121E823F7B0013CB7F /* Main.storyboard */ = {
			isa = PBXVariantGroup;
			children = (
				FFDC3D131E823F7B0013CB7F /* Base */,
			);
			name = Main.storyboard;
			sourceTree = "<group>";
		};
		FFDC3D171E823F7B0013CB7F /* LaunchScreen.storyboard */ = {
			isa = PBXVariantGroup;
			children = (
				FFDC3D181E823F7B0013CB7F /* Base */,
			);
			name = LaunchScreen.storyboard;
			sourceTree = "<group>";
		};
/* End PBXVariantGroup section */

/* Begin XCBuildConfiguration section */
		FFDC3D311E823F7D0013CB7F /* Debug */ = {
			isa = XCBuildConfiguration;
			buildSettings = {
				ALWAYS_SEARCH_USER_PATHS = NO;
				CLANG_ANALYZER_NONNULL = YES;
				CLANG_CXX_LANGUAGE_STANDARD = "gnu++0x";
				CLANG_CXX_LIBRARY = "libc++";
				CLANG_ENABLE_MODULES = YES;
				CLANG_ENABLE_OBJC_ARC = YES;
				CLANG_WARN_BOOL_CONVERSION = YES;
				CLANG_WARN_CONSTANT_CONVERSION = YES;
				CLANG_WARN_DIRECT_OBJC_ISA_USAGE = YES_ERROR;
				CLANG_WARN_DOCUMENTATION_COMMENTS = YES;
				CLANG_WARN_EMPTY_BODY = YES;
				CLANG_WARN_ENUM_CONVERSION = YES;
				CLANG_WARN_INFINITE_RECURSION = YES;
				CLANG_WARN_INT_CONVERSION = YES;
				CLANG_WARN_OBJC_ROOT_CLASS = YES_ERROR;
				CLANG_WARN_SUSPICIOUS_MOVE = YES;
				CLANG_WARN_UNREACHABLE_CODE = YES;
				CLANG_WARN__DUPLICATE_METHOD_MATCH = YES;
				"CODE_SIGN_IDENTITY[sdk=iphoneos*]" = "iPhone Developer";
				COPY_PHASE_STRIP = NO;
				DEBUG_INFORMATION_FORMAT = dwarf;
				ENABLE_STRICT_OBJC_MSGSEND = YES;
				ENABLE_TESTABILITY = YES;
				GCC_C_LANGUAGE_STANDARD = gnu99;
				GCC_DYNAMIC_NO_PIC = NO;
				GCC_NO_COMMON_BLOCKS = YES;
				GCC_OPTIMIZATION_LEVEL = 0;
				GCC_PREPROCESSOR_DEFINITIONS = (
					"DEBUG=1",
					"$(inherited)",
				);
				GCC_WARN_64_TO_32_BIT_CONVERSION = YES;
				GCC_WARN_ABOUT_RETURN_TYPE = YES_ERROR;
				GCC_WARN_UNDECLARED_SELECTOR = YES;
				GCC_WARN_UNINITIALIZED_AUTOS = YES_AGGRESSIVE;
				GCC_WARN_UNUSED_FUNCTION = YES;
				GCC_WARN_UNUSED_VARIABLE = YES;
				IPHONEOS_DEPLOYMENT_TARGET = 10.2;
				MTL_ENABLE_DEBUG_INFO = YES;
				ONLY_ACTIVE_ARCH = YES;
				SDKROOT = iphoneos;
				SWIFT_ACTIVE_COMPILATION_CONDITIONS = DEBUG;
				SWIFT_OPTIMIZATION_LEVEL = "-Onone";
				TARGETED_DEVICE_FAMILY = "1,2";
			};
			name = Debug;
		};
		FFDC3D321E823F7D0013CB7F /* Release */ = {
			isa = XCBuildConfiguration;
			buildSettings = {
				ALWAYS_SEARCH_USER_PATHS = NO;
				CLANG_ANALYZER_NONNULL = YES;
				CLANG_CXX_LANGUAGE_STANDARD = "gnu++0x";
				CLANG_CXX_LIBRARY = "libc++";
				CLANG_ENABLE_MODULES = YES;
				CLANG_ENABLE_OBJC_ARC = YES;
				CLANG_WARN_BOOL_CONVERSION = YES;
				CLANG_WARN_CONSTANT_CONVERSION = YES;
				CLANG_WARN_DIRECT_OBJC_ISA_USAGE = YES_ERROR;
				CLANG_WARN_DOCUMENTATION_COMMENTS = YES;
				CLANG_WARN_EMPTY_BODY = YES;
				CLANG_WARN_ENUM_CONVERSION = YES;
				CLANG_WARN_INFINITE_RECURSION = YES;
				CLANG_WARN_INT_CONVERSION = YES;
				CLANG_WARN_OBJC_ROOT_CLASS = YES_ERROR;
				CLANG_WARN_SUSPICIOUS_MOVE = YES;
				CLANG_WARN_UNREACHABLE_CODE = YES;
				CLANG_WARN__DUPLICATE_METHOD_MATCH = YES;
				"CODE_SIGN_IDENTITY[sdk=iphoneos*]" = "iPhone Developer";
				COPY_PHASE_STRIP = NO;
				DEBUG_INFORMATION_FORMAT = "dwarf-with-dsym";
				ENABLE_NS_ASSERTIONS = NO;
				ENABLE_STRICT_OBJC_MSGSEND = YES;
				GCC_C_LANGUAGE_STANDARD = gnu99;
				GCC_NO_COMMON_BLOCKS = YES;
				GCC_WARN_64_TO_32_BIT_CONVERSION = YES;
				GCC_WARN_ABOUT_RETURN_TYPE = YES_ERROR;
				GCC_WARN_UNDECLARED_SELECTOR = YES;
				GCC_WARN_UNINITIALIZED_AUTOS = YES_AGGRESSIVE;
				GCC_WARN_UNUSED_FUNCTION = YES;
				GCC_WARN_UNUSED_VARIABLE = YES;
				IPHONEOS_DEPLOYMENT_TARGET = 10.2;
				MTL_ENABLE_DEBUG_INFO = NO;
				SDKROOT = iphoneos;
				SWIFT_OPTIMIZATION_LEVEL = "-Owholemodule";
				TARGETED_DEVICE_FAMILY = "1,2";
				VALIDATE_PRODUCT = YES;
			};
			name = Release;
		};
		FFDC3D341E823F7D0013CB7F /* Debug */ = {
			isa = XCBuildConfiguration;
			baseConfigurationReference = F0E43F95A0E0AF465E2D655B /* Pods-SquirrelTrip.debug.xcconfig */;
			buildSettings = {
				ASSETCATALOG_COMPILER_APPICON_NAME = AppIcon;
				DEVELOPMENT_TEAM = "";
				INFOPLIST_FILE = SquirrelTrip/Info.plist;
				LD_RUNPATH_SEARCH_PATHS = "$(inherited) @executable_path/Frameworks";
				PRODUCT_BUNDLE_IDENTIFIER = GastandoTenis.SquirrelTrip;
				PRODUCT_NAME = "$(TARGET_NAME)";
				SWIFT_VERSION = 3.0;
			};
			name = Debug;
		};
		FFDC3D351E823F7D0013CB7F /* Release */ = {
			isa = XCBuildConfiguration;
			baseConfigurationReference = EC0A73D17C9659A4B2B3DE7B /* Pods-SquirrelTrip.release.xcconfig */;
			buildSettings = {
				ASSETCATALOG_COMPILER_APPICON_NAME = AppIcon;
				DEVELOPMENT_TEAM = "";
				INFOPLIST_FILE = SquirrelTrip/Info.plist;
				LD_RUNPATH_SEARCH_PATHS = "$(inherited) @executable_path/Frameworks";
				PRODUCT_BUNDLE_IDENTIFIER = GastandoTenis.SquirrelTrip;
				PRODUCT_NAME = "$(TARGET_NAME)";
				SWIFT_VERSION = 3.0;
			};
			name = Release;
		};
		FFDC3D371E823F7D0013CB7F /* Debug */ = {
			isa = XCBuildConfiguration;
			buildSettings = {
				ALWAYS_EMBED_SWIFT_STANDARD_LIBRARIES = YES;
				BUNDLE_LOADER = "$(TEST_HOST)";
				INFOPLIST_FILE = SquirrelTripTests/Info.plist;
				LD_RUNPATH_SEARCH_PATHS = "$(inherited) @executable_path/Frameworks @loader_path/Frameworks";
				PRODUCT_BUNDLE_IDENTIFIER = GastandoTenis.SquirrelTripTests;
				PRODUCT_NAME = "$(TARGET_NAME)";
				SWIFT_VERSION = 3.0;
				TEST_HOST = "$(BUILT_PRODUCTS_DIR)/SquirrelTrip.app/SquirrelTrip";
			};
			name = Debug;
		};
		FFDC3D381E823F7D0013CB7F /* Release */ = {
			isa = XCBuildConfiguration;
			buildSettings = {
				ALWAYS_EMBED_SWIFT_STANDARD_LIBRARIES = YES;
				BUNDLE_LOADER = "$(TEST_HOST)";
				INFOPLIST_FILE = SquirrelTripTests/Info.plist;
				LD_RUNPATH_SEARCH_PATHS = "$(inherited) @executable_path/Frameworks @loader_path/Frameworks";
				PRODUCT_BUNDLE_IDENTIFIER = GastandoTenis.SquirrelTripTests;
				PRODUCT_NAME = "$(TARGET_NAME)";
				SWIFT_VERSION = 3.0;
				TEST_HOST = "$(BUILT_PRODUCTS_DIR)/SquirrelTrip.app/SquirrelTrip";
			};
			name = Release;
		};
		FFDC3D3A1E823F7D0013CB7F /* Debug */ = {
			isa = XCBuildConfiguration;
			buildSettings = {
				ALWAYS_EMBED_SWIFT_STANDARD_LIBRARIES = YES;
				INFOPLIST_FILE = SquirrelTripUITests/Info.plist;
				LD_RUNPATH_SEARCH_PATHS = "$(inherited) @executable_path/Frameworks @loader_path/Frameworks";
				PRODUCT_BUNDLE_IDENTIFIER = GastandoTenis.SquirrelTripUITests;
				PRODUCT_NAME = "$(TARGET_NAME)";
				SWIFT_VERSION = 3.0;
				TEST_TARGET_NAME = SquirrelTrip;
			};
			name = Debug;
		};
		FFDC3D3B1E823F7D0013CB7F /* Release */ = {
			isa = XCBuildConfiguration;
			buildSettings = {
				ALWAYS_EMBED_SWIFT_STANDARD_LIBRARIES = YES;
				INFOPLIST_FILE = SquirrelTripUITests/Info.plist;
				LD_RUNPATH_SEARCH_PATHS = "$(inherited) @executable_path/Frameworks @loader_path/Frameworks";
				PRODUCT_BUNDLE_IDENTIFIER = GastandoTenis.SquirrelTripUITests;
				PRODUCT_NAME = "$(TARGET_NAME)";
				SWIFT_VERSION = 3.0;
				TEST_TARGET_NAME = SquirrelTrip;
			};
			name = Release;
		};
/* End XCBuildConfiguration section */

/* Begin XCConfigurationList section */
		FFDC3D061E823F780013CB7F /* Build configuration list for PBXProject "SquirrelTrip" */ = {
			isa = XCConfigurationList;
			buildConfigurations = (
				FFDC3D311E823F7D0013CB7F /* Debug */,
				FFDC3D321E823F7D0013CB7F /* Release */,
			);
			defaultConfigurationIsVisible = 0;
			defaultConfigurationName = Release;
		};
		FFDC3D331E823F7D0013CB7F /* Build configuration list for PBXNativeTarget "SquirrelTrip" */ = {
			isa = XCConfigurationList;
			buildConfigurations = (
				FFDC3D341E823F7D0013CB7F /* Debug */,
				FFDC3D351E823F7D0013CB7F /* Release */,
			);
			defaultConfigurationIsVisible = 0;
			defaultConfigurationName = Release;
		};
		FFDC3D361E823F7D0013CB7F /* Build configuration list for PBXNativeTarget "SquirrelTripTests" */ = {
			isa = XCConfigurationList;
			buildConfigurations = (
				FFDC3D371E823F7D0013CB7F /* Debug */,
				FFDC3D381E823F7D0013CB7F /* Release */,
			);
			defaultConfigurationIsVisible = 0;
			defaultConfigurationName = Release;
		};
		FFDC3D391E823F7D0013CB7F /* Build configuration list for PBXNativeTarget "SquirrelTripUITests" */ = {
			isa = XCConfigurationList;
			buildConfigurations = (
				FFDC3D3A1E823F7D0013CB7F /* Debug */,
				FFDC3D3B1E823F7D0013CB7F /* Release */,
			);
			defaultConfigurationIsVisible = 0;
			defaultConfigurationName = Release;
		};
/* End XCConfigurationList section */

/* Begin XCVersionGroup section */
		A01418261E940FB600390CAF /* SquirrelTrip.xcdatamodeld */ = {
			isa = XCVersionGroup;
			children = (
				A01418271E940FB600390CAF /* SquirrelTrip.xcdatamodel */,
			);
			currentVersion = A01418271E940FB600390CAF /* SquirrelTrip.xcdatamodel */;
			path = SquirrelTrip.xcdatamodeld;
			sourceTree = "<group>";
			versionGroupType = wrapper.xcdatamodel;
		};
/* End XCVersionGroup section */
	};
	rootObject = FFDC3D031E823F770013CB7F /* Project object */;
}
